// !$*UTF8*$!
{
	archiveVersion = 1;
	classes = {
	};
	objectVersion = 50;
	objects = {

/* Begin PBXBuildFile section */
		ABC14DAB269768600028D9A3 /* AppDelegate.swift in Sources */ = {isa = PBXBuildFile; fileRef = ABC14DAA269768600028D9A3 /* AppDelegate.swift */; };
		ABC14DAD269768600028D9A3 /* SceneDelegate.swift in Sources */ = {isa = PBXBuildFile; fileRef = ABC14DAC269768600028D9A3 /* SceneDelegate.swift */; };
		ABC14DAF269768600028D9A3 /* ViewController.swift in Sources */ = {isa = PBXBuildFile; fileRef = ABC14DAE269768600028D9A3 /* ViewController.swift */; };
		ABC14DB2269768600028D9A3 /* Main.storyboard in Resources */ = {isa = PBXBuildFile; fileRef = ABC14DB0269768600028D9A3 /* Main.storyboard */; };
		ABC14DB5269768600028D9A3 /* GoPlayTennis.xcdatamodeld in Sources */ = {isa = PBXBuildFile; fileRef = ABC14DB3269768600028D9A3 /* GoPlayTennis.xcdatamodeld */; };
		ABC14DB7269768620028D9A3 /* Assets.xcassets in Resources */ = {isa = PBXBuildFile; fileRef = ABC14DB6269768620028D9A3 /* Assets.xcassets */; };
		ABC14DBA269768620028D9A3 /* LaunchScreen.storyboard in Resources */ = {isa = PBXBuildFile; fileRef = ABC14DB8269768620028D9A3 /* LaunchScreen.storyboard */; };
/* End PBXBuildFile section */

/* Begin PBXFileReference section */
		ABC14DA7269768600028D9A3 /* GoPlayTennis.app */ = {isa = PBXFileReference; explicitFileType = wrapper.application; includeInIndex = 0; path = GoPlayTennis.app; sourceTree = BUILT_PRODUCTS_DIR; };
		ABC14DAA269768600028D9A3 /* AppDelegate.swift */ = {isa = PBXFileReference; lastKnownFileType = sourcecode.swift; path = AppDelegate.swift; sourceTree = "<group>"; };
		ABC14DAC269768600028D9A3 /* SceneDelegate.swift */ = {isa = PBXFileReference; lastKnownFileType = sourcecode.swift; path = SceneDelegate.swift; sourceTree = "<group>"; };
		ABC14DAE269768600028D9A3 /* ViewController.swift */ = {isa = PBXFileReference; lastKnownFileType = sourcecode.swift; path = ViewController.swift; sourceTree = "<group>"; };
		ABC14DB1269768600028D9A3 /* Base */ = {isa = PBXFileReference; lastKnownFileType = file.storyboard; name = Base; path = Base.lproj/Main.storyboard; sourceTree = "<group>"; };
		ABC14DB4269768600028D9A3 /* GoPlayTennis.xcdatamodel */ = {isa = PBXFileReference; lastKnownFileType = wrapper.xcdatamodel; path = GoPlayTennis.xcdatamodel; sourceTree = "<group>"; };
		ABC14DB6269768620028D9A3 /* Assets.xcassets */ = {isa = PBXFileReference; lastKnownFileType = folder.assetcatalog; path = Assets.xcassets; sourceTree = "<group>"; };
		ABC14DB9269768620028D9A3 /* Base */ = {isa = PBXFileReference; lastKnownFileType = file.storyboard; name = Base; path = Base.lproj/LaunchScreen.storyboard; sourceTree = "<group>"; };
		ABC14DBB269768620028D9A3 /* Info.plist */ = {isa = PBXFileReference; lastKnownFileType = text.plist.xml; path = Info.plist; sourceTree = "<group>"; };
/* End PBXFileReference section */

/* Begin PBXFrameworksBuildPhase section */
		ABC14DA4269768600028D9A3 /* Frameworks */ = {
			isa = PBXFrameworksBuildPhase;
			buildActionMask = 2147483647;
			files = (
			);
			runOnlyForDeploymentPostprocessing = 0;
		};
/* End PBXFrameworksBuildPhase section */

/* Begin PBXGroup section */
		ABC14D9E269768600028D9A3 = {
			isa = PBXGroup;
			children = (
				ABC14DA9269768600028D9A3 /* GoPlayTennis */,
				ABC14DA8269768600028D9A3 /* Products */,
			);
			sourceTree = "<group>";
		};
		ABC14DA8269768600028D9A3 /* Products */ = {
			isa = PBXGroup;
			children = (
				ABC14DA7269768600028D9A3 /* GoPlayTennis.app */,
			);
			name = Products;
			sourceTree = "<group>";
		};
		ABC14DA9269768600028D9A3 /* GoPlayTennis */ = {
			isa = PBXGroup;
			children = (
				ABC14DAA269768600028D9A3 /* AppDelegate.swift */,
				ABC14DAC269768600028D9A3 /* SceneDelegate.swift */,
				ABC14DAE269768600028D9A3 /* ViewController.swift */,
				ABC14DB0269768600028D9A3 /* Main.storyboard */,
				ABC14DB6269768620028D9A3 /* Assets.xcassets */,
				ABC14DB8269768620028D9A3 /* LaunchScreen.storyboard */,
				ABC14DBB269768620028D9A3 /* Info.plist */,
				ABC14DB3269768600028D9A3 /* GoPlayTennis.xcdatamodeld */,
			);
			path = GoPlayTennis;
			sourceTree = "<group>";
		};
/* End PBXGroup section */

/* Begin PBXNativeTarget section */
		ABC14DA6269768600028D9A3 /* GoPlayTennis */ = {
			isa = PBXNativeTarget;
			buildConfigurationList = ABC14DBE269768620028D9A3 /* Build configuration list for PBXNativeTarget "GoPlayTennis" */;
			buildPhases = (
				ABC14DA3269768600028D9A3 /* Sources */,
				ABC14DA4269768600028D9A3 /* Frameworks */,
				ABC14DA5269768600028D9A3 /* Resources */,
			);
			buildRules = (
			);
			dependencies = (
			);
			name = GoPlayTennis;
			productName = GoPlayTennis;
			productReference = ABC14DA7269768600028D9A3 /* GoPlayTennis.app */;
			productType = "com.apple.product-type.application";
		};
/* End PBXNativeTarget section */

/* Begin PBXProject section */
		ABC14D9F269768600028D9A3 /* Project object */ = {
			isa = PBXProject;
			attributes = {
				LastSwiftUpdateCheck = 1250;
				LastUpgradeCheck = 1250;
				TargetAttributes = {
					ABC14DA6269768600028D9A3 = {
						CreatedOnToolsVersion = 12.5.1;
					};
				};
			};
			buildConfigurationList = ABC14DA2269768600028D9A3 /* Build configuration list for PBXProject "GoPlayTennis" */;
			compatibilityVersion = "Xcode 9.3";
			developmentRegion = en;
			hasScannedForEncodings = 0;
			knownRegions = (
				en,
				Base,
			);
			mainGroup = ABC14D9E269768600028D9A3;
			productRefGroup = ABC14DA8269768600028D9A3 /* Products */;
			projectDirPath = "";
			projectRoot = "";
			targets = (
				ABC14DA6269768600028D9A3 /* GoPlayTennis */,
			);
		};
/* End PBXProject section */

/* Begin PBXResourcesBuildPhase section */
		ABC14DA5269768600028D9A3 /* Resources */ = {
			isa = PBXResourcesBuildPhase;
			buildActionMask = 2147483647;
			files = (
				ABC14DBA269768620028D9A3 /* LaunchScreen.storyboard in Resources */,
				ABC14DB7269768620028D9A3 /* Assets.xcassets in Resources */,
				ABC14DB2269768600028D9A3 /* Main.storyboard in Resources */,
			);
			runOnlyForDeploymentPostprocessing = 0;
		};
/* End PBXResourcesBuildPhase section */

/* Begin PBXSourcesBuildPhase section */
		ABC14DA3269768600028D9A3 /* Sources */ = {
			isa = PBXSourcesBuildPhase;
			buildActionMask = 2147483647;
			files = (
				ABC14DAF269768600028D9A3 /* ViewController.swift in Sources */,
				ABC14DAB269768600028D9A3 /* AppDelegate.swift in Sources */,
				ABC14DB5269768600028D9A3 /* GoPlayTennis.xcdatamodeld in Sources */,
				ABC14DAD269768600028D9A3 /* SceneDelegate.swift in Sources */,
			);
			runOnlyForDeploymentPostprocessing = 0;
		};
/* End PBXSourcesBuildPhase section */

/* Begin PBXVariantGroup section */
		ABC14DB0269768600028D9A3 /* Main.storyboard */ = {
			isa = PBXVariantGroup;
			children = (
				ABC14DB1269768600028D9A3 /* Base */,
			);
			name = Main.storyboard;
			sourceTree = "<group>";
		};
		ABC14DB8269768620028D9A3 /* LaunchScreen.storyboard */ = {
			isa = PBXVariantGroup;
			children = (
				ABC14DB9269768620028D9A3 /* Base */,
			);
			name = LaunchScreen.storyboard;
			sourceTree = "<group>";
		};
/* End PBXVariantGroup section */

/* Begin XCBuildConfiguration section */
		ABC14DBC269768620028D9A3 /* Debug */ = {
			isa = XCBuildConfiguration;
			buildSettings = {
				ALWAYS_SEARCH_USER_PATHS = NO;
				CLANG_ANALYZER_NONNULL = YES;
				CLANG_ANALYZER_NUMBER_OBJECT_CONVERSION = YES_AGGRESSIVE;
				CLANG_CXX_LANGUAGE_STANDARD = "gnu++14";
				CLANG_CXX_LIBRARY = "libc++";
				CLANG_ENABLE_MODULES = YES;
				CLANG_ENABLE_OBJC_ARC = YES;
				CLANG_ENABLE_OBJC_WEAK = YES;
				CLANG_WARN_BLOCK_CAPTURE_AUTORELEASING = YES;
				CLANG_WARN_BOOL_CONVERSION = YES;
				CLANG_WARN_COMMA = YES;
				CLANG_WARN_CONSTANT_CONVERSION = YES;
				CLANG_WARN_DEPRECATED_OBJC_IMPLEMENTATIONS = YES;
				CLANG_WARN_DIRECT_OBJC_ISA_USAGE = YES_ERROR;
				CLANG_WARN_DOCUMENTATION_COMMENTS = YES;
				CLANG_WARN_EMPTY_BODY = YES;
				CLANG_WARN_ENUM_CONVERSION = YES;
				CLANG_WARN_INFINITE_RECURSION = YES;
				CLANG_WARN_INT_CONVERSION = YES;
				CLANG_WARN_NON_LITERAL_NULL_CONVERSION = YES;
				CLANG_WARN_OBJC_IMPLICIT_RETAIN_SELF = YES;
				CLANG_WARN_OBJC_LITERAL_CONVERSION = YES;
				CLANG_WARN_OBJC_ROOT_CLASS = YES_ERROR;
				CLANG_WARN_QUOTED_INCLUDE_IN_FRAMEWORK_HEADER = YES;
				CLANG_WARN_RANGE_LOOP_ANALYSIS = YES;
				CLANG_WARN_STRICT_PROTOTYPES = YES;
				CLANG_WARN_SUSPICIOUS_MOVE = YES;
				CLANG_WARN_UNGUARDED_AVAILABILITY = YES_AGGRESSIVE;
				CLANG_WARN_UNREACHABLE_CODE = YES;
				CLANG_WARN__DUPLICATE_METHOD_MATCH = YES;
				COPY_PHASE_STRIP = NO;
				DEBUG_INFORMATION_FORMAT = dwarf;
				ENABLE_STRICT_OBJC_MSGSEND = YES;
				ENABLE_TESTABILITY = YES;
				GCC_C_LANGUAGE_STANDARD = gnu11;
				GCC_DYNAMIC_NO_PIC = NO;
				GCC_NO_COMMON_BLOCKS = YES;
				GCC_OPTIMIZATION_LEVEL = 0;
				GCC_PREPROCESSOR_DEFINITIONS = (
					"DEBUG=1",
					"$(inherited)",
				);
				GCC_WARN_64_TO_32_BIT_CONVERSION = YES;
				GCC_WARN_ABOUT_RETURN_TYPE = YES_ERROR;
				GCC_WARN_UNDECLARED_SELECTOR = YES;
				GCC_WARN_UNINITIALIZED_AUTOS = YES_AGGRESSIVE;
				GCC_WARN_UNUSED_FUNCTION = YES;
				GCC_WARN_UNUSED_VARIABLE = YES;
				IPHONEOS_DEPLOYMENT_TARGET = 14.5;
				MTL_ENABLE_DEBUG_INFO = INCLUDE_SOURCE;
				MTL_FAST_MATH = YES;
				ONLY_ACTIVE_ARCH = YES;
				SDKROOT = iphoneos;
				SWIFT_ACTIVE_COMPILATION_CONDITIONS = DEBUG;
				SWIFT_OPTIMIZATION_LEVEL = "-Onone";
			};
			name = Debug;
		};
		ABC14DBD269768620028D9A3 /* Release */ = {
			isa = XCBuildConfiguration;
			buildSettings = {
				ALWAYS_SEARCH_USER_PATHS = NO;
				CLANG_ANALYZER_NONNULL = YES;
				CLANG_ANALYZER_NUMBER_OBJECT_CONVERSION = YES_AGGRESSIVE;
				CLANG_CXX_LANGUAGE_STANDARD = "gnu++14";
				CLANG_CXX_LIBRARY = "libc++";
				CLANG_ENABLE_MODULES = YES;
				CLANG_ENABLE_OBJC_ARC = YES;
				CLANG_ENABLE_OBJC_WEAK = YES;
				CLANG_WARN_BLOCK_CAPTURE_AUTORELEASING = YES;
				CLANG_WARN_BOOL_CONVERSION = YES;
				CLANG_WARN_COMMA = YES;
				CLANG_WARN_CONSTANT_CONVERSION = YES;
				CLANG_WARN_DEPRECATED_OBJC_IMPLEMENTATIONS = YES;
				CLANG_WARN_DIRECT_OBJC_ISA_USAGE = YES_ERROR;
				CLANG_WARN_DOCUMENTATION_COMMENTS = YES;
				CLANG_WARN_EMPTY_BODY = YES;
				CLANG_WARN_ENUM_CONVERSION = YES;
				CLANG_WARN_INFINITE_RECURSION = YES;
				CLANG_WARN_INT_CONVERSION = YES;
				CLANG_WARN_NON_LITERAL_NULL_CONVERSION = YES;
				CLANG_WARN_OBJC_IMPLICIT_RETAIN_SELF = YES;
				CLANG_WARN_OBJC_LITERAL_CONVERSION = YES;
				CLANG_WARN_OBJC_ROOT_CLASS = YES_ERROR;
				CLANG_WARN_QUOTED_INCLUDE_IN_FRAMEWORK_HEADER = YES;
				CLANG_WARN_RANGE_LOOP_ANALYSIS = YES;
				CLANG_WARN_STRICT_PROTOTYPES = YES;
				CLANG_WARN_SUSPICIOUS_MOVE = YES;
				CLANG_WARN_UNGUARDED_AVAILABILITY = YES_AGGRESSIVE;
				CLANG_WARN_UNREACHABLE_CODE = YES;
				CLANG_WARN__DUPLICATE_METHOD_MATCH = YES;
				COPY_PHASE_STRIP = NO;
				DEBUG_INFORMATION_FORMAT = "dwarf-with-dsym";
				ENABLE_NS_ASSERTIONS = NO;
				ENABLE_STRICT_OBJC_MSGSEND = YES;
				GCC_C_LANGUAGE_STANDARD = gnu11;
				GCC_NO_COMMON_BLOCKS = YES;
				GCC_WARN_64_TO_32_BIT_CONVERSION = YES;
				GCC_WARN_ABOUT_RETURN_TYPE = YES_ERROR;
				GCC_WARN_UNDECLARED_SELECTOR = YES;
				GCC_WARN_UNINITIALIZED_AUTOS = YES_AGGRESSIVE;
				GCC_WARN_UNUSED_FUNCTION = YES;
				GCC_WARN_UNUSED_VARIABLE = YES;
				IPHONEOS_DEPLOYMENT_TARGET = 14.5;
				MTL_ENABLE_DEBUG_INFO = NO;
				MTL_FAST_MATH = YES;
				SDKROOT = iphoneos;
				SWIFT_COMPILATION_MODE = wholemodule;
				SWIFT_OPTIMIZATION_LEVEL = "-O";
				VALIDATE_PRODUCT = YES;
			};
			name = Release;
		};
		ABC14DBF269768620028D9A3 /* Debug */ = {
			isa = XCBuildConfiguration;
			buildSettings = {
				ASSETCATALOG_COMPILER_APPICON_NAME = AppIcon;
				ASSETCATALOG_COMPILER_GLOBAL_ACCENT_COLOR_NAME = AccentColor;
				CODE_SIGN_STYLE = Automatic;
				INFOPLIST_FILE = GoPlayTennis/Info.plist;
				LD_RUNPATH_SEARCH_PATHS = (
					"$(inherited)",
					"@executable_path/Frameworks",
				);
				PRODUCT_BUNDLE_IDENTIFIER = ua.BASCORP.GoPlayTennis;
				PRODUCT_NAME = "$(TARGET_NAME)";
				SWIFT_VERSION = 5.0;
				TARGETED_DEVICE_FAMILY = "1,2";
			};
			name = Debug;
		};
		ABC14DC0269768620028D9A3 /* Release */ = {
			isa = XCBuildConfiguration;
			buildSettings = {
				ASSETCATALOG_COMPILER_APPICON_NAME = AppIcon;
				ASSETCATALOG_COMPILER_GLOBAL_ACCENT_COLOR_NAME = AccentColor;
				CODE_SIGN_STYLE = Automatic;
				INFOPLIST_FILE = GoPlayTennis/Info.plist;
				LD_RUNPATH_SEARCH_PATHS = (
					"$(inherited)",
					"@executable_path/Frameworks",
				);
				PRODUCT_BUNDLE_IDENTIFIER = ua.BASCORP.GoPlayTennis;
				PRODUCT_NAME = "$(TARGET_NAME)";
				SWIFT_VERSION = 5.0;
				TARGETED_DEVICE_FAMILY = "1,2";
			};
			name = Release;
		};
/* End XCBuildConfiguration section */

/* Begin XCConfigurationList section */
		ABC14DA2269768600028D9A3 /* Build configuration list for PBXProject "GoPlayTennis" */ = {
			isa = XCConfigurationList;
			buildConfigurations = (
				ABC14DBC269768620028D9A3 /* Debug */,
				ABC14DBD269768620028D9A3 /* Release */,
			);
			defaultConfigurationIsVisible = 0;
			defaultConfigurationName = Release;
		};
		ABC14DBE269768620028D9A3 /* Build configuration list for PBXNativeTarget "GoPlayTennis" */ = {
			isa = XCConfigurationList;
			buildConfigurations = (
				ABC14DBF269768620028D9A3 /* Debug */,
				ABC14DC0269768620028D9A3 /* Release */,
			);
			defaultConfigurationIsVisible = 0;
			defaultConfigurationName = Release;
		};
/* End XCConfigurationList section */

/* Begin XCVersionGroup section */
		ABC14DB3269768600028D9A3 /* GoPlayTennis.xcdatamodeld */ = {
			isa = XCVersionGroup;
			children = (
				ABC14DB4269768600028D9A3 /* GoPlayTennis.xcdatamodel */,
			);
			currentVersion = ABC14DB4269768600028D9A3 /* GoPlayTennis.xcdatamodel */;
			path = GoPlayTennis.xcdatamodeld;
			sourceTree = "<group>";
			versionGroupType = wrapper.xcdatamodel;
		};
/* End XCVersionGroup section */
	};
	rootObject = ABC14D9F269768600028D9A3 /* Project object */;
}
